Microsoft Visual Studio Solution File, Format Version 12.00
# Visual Studio Version 17
VisualStudioVersion = 17.0.31717.71
MinimumVisualStudioVersion = 10.0.40219.1
Project("{9A19103F-16F7-4668-BE54-9A1E7A4F7556}") = "CursoBlazor", "CursoBlazor.csproj", "{9A55F18E-8E7E-401D-A535-EFC9AA8E018B}"
EndProject
Global
	GlobalSection(SolutionConfigurationPlatforms) = preSolution
		Debug|Any CPU = Debug|Any CPU
		Release|Any CPU = Release|Any CPU
	EndGlobalSection
	GlobalSection(ProjectConfigurationPlatforms) = postSolution
		{9A55F18E-8E7E-401D-A535-EFC9AA8E018B}.Debug|Any CPU.ActiveCfg = Debug|Any CPU
		{9A55F18E-8E7E-401D-A535-EFC9AA8E018B}.Debug|Any CPU.Build.0 = Debug|Any CPU
		{9A55F18E-8E7E-401D-A535-EFC9AA8E018B}.Release|Any CPU.ActiveCfg = Release|Any CPU
		{9A55F18E-8E7E-401D-A535-EFC9AA8E018B}.Release|Any CPU.Build.0 = Release|Any CPU
	EndGlobalSection
	GlobalSection(SolutionProperties) = preSolution
		HideSolutionNode = FALSE
	EndGlobalSection
	GlobalSection(ExtensibilityGlobals) = postSolution
		SolutionGuid = {C42C1EAB-06F8-445E-9E04-6B2AA3EC2E35}
	EndGlobalSection
EndGlobal
